
Microsoft Visual Studio Solution File, Format Version 12.00
Project("{FAE04EC0-301F-11D3-BF4B-00C04F79EFBC}") = "MxInfo.DeviceManager.Api", "MxInfo.DeviceManager.Api\MxInfo.DeviceManager.Api.csproj", "{01D73E44-21DB-4D3E-8B4A-C6B11A5EB23B}"
EndProject
Project("{FAE04EC0-301F-11D3-BF4B-00C04F79EFBC}") = "MxInfo.DeviceManager.Domain", "MxInfo.DeviceManager.Domain\MxInfo.DeviceManager.Domain.csproj", "{18D79C9A-5E2F-47DC-B3FC-778C1FDAF0C4}"
EndProject
Project("{FAE04EC0-301F-11D3-BF4B-00C04F79EFBC}") = "MxInfo.DeviceManager.Data", "MxInfo.DeviceManager.Data\MxInfo.DeviceManager.Data.csproj", "{88F02D5F-F099-4560-ADBA-474ADE954AF8}"
EndProject
Project("{FAE04EC0-301F-11D3-BF4B-00C04F79EFBC}") = "MxInfo.DeviceManager.Business", "MxInfo.DeviceManager.Business\MxInfo.DeviceManager.Business.csproj", "{D60C08B7-A0EC-43A6-B270-0789B9857578}"
EndProject
Project("{FAE04EC0-301F-11D3-BF4B-00C04F79EFBC}") = "MxInfo.DeviceManager.Infrastructure", "MxInfo.DeviceManager.Infrastructure\MxInfo.DeviceManager.Infrastructure.csproj", "{F2AAA6E0-9573-4326-BD9D-25188A9DD1A8}"
EndProject
Project("{2150E333-8FDC-42A3-9474-1A3956D46DE8}") = "Tests", "Tests", "{53B3C0BE-F817-4964-982C-E30B98A4B927}"
EndProject
Project("{FAE04EC0-301F-11D3-BF4B-00C04F79EFBC}") = "MxInfo.DeviceManager.Tests.Unit", "MxInfo.DeviceManager.Tests.Unit\MxInfo.DeviceManager.Tests.Unit.csproj", "{0B7586E9-9B14-4B8B-907B-070A9A318271}"
EndProject
Project("{FAE04EC0-301F-11D3-BF4B-00C04F79EFBC}") = "MxInfo.DeviceManager.AppHost", "MxInfo.DeviceManager.AppHost\MxInfo.DeviceManager.AppHost.csproj", "{07C49C36-DB70-4818-905E-4D4045D62650}"
EndProject
Project("{FAE04EC0-301F-11D3-BF4B-00C04F79EFBC}") = "MxInfo.DeviceManager.ServiceDefaults", "MxInfo.DeviceManager.ServiceDefaults\MxInfo.DeviceManager.ServiceDefaults.csproj", "{A243792C-CF9D-42BF-A92C-8DD983CCCC6B}"
EndProject
Project("{FAE04EC0-301F-11D3-BF4B-00C04F79EFBC}") = "MxInfo.DeviceManager.Agent.Api", "MxInfo.DeviceManager.Agent.Api\MxInfo.DeviceManager.Agent.Api.csproj", "{70523C6C-7A2E-45F5-9597-15174B0EA7C3}"
EndProject
Global
	GlobalSection(SolutionConfigurationPlatforms) = preSolution
		Debug|Any CPU = Debug|Any CPU
		Release|Any CPU = Release|Any CPU
	EndGlobalSection
	GlobalSection(ProjectConfigurationPlatforms) = postSolution
		{01D73E44-21DB-4D3E-8B4A-C6B11A5EB23B}.Debug|Any CPU.ActiveCfg = Debug|Any CPU
		{01D73E44-21DB-4D3E-8B4A-C6B11A5EB23B}.Debug|Any CPU.Build.0 = Debug|Any CPU
		{01D73E44-21DB-4D3E-8B4A-C6B11A5EB23B}.Release|Any CPU.ActiveCfg = Release|Any CPU
		{01D73E44-21DB-4D3E-8B4A-C6B11A5EB23B}.Release|Any CPU.Build.0 = Release|Any CPU
		{18D79C9A-5E2F-47DC-B3FC-778C1FDAF0C4}.Debug|Any CPU.ActiveCfg = Debug|Any CPU
		{18D79C9A-5E2F-47DC-B3FC-778C1FDAF0C4}.Debug|Any CPU.Build.0 = Debug|Any CPU
		{18D79C9A-5E2F-47DC-B3FC-778C1FDAF0C4}.Release|Any CPU.ActiveCfg = Release|Any CPU
		{18D79C9A-5E2F-47DC-B3FC-778C1FDAF0C4}.Release|Any CPU.Build.0 = Release|Any CPU
		{88F02D5F-F099-4560-ADBA-474ADE954AF8}.Debug|Any CPU.ActiveCfg = Debug|Any CPU
		{88F02D5F-F099-4560-ADBA-474ADE954AF8}.Debug|Any CPU.Build.0 = Debug|Any CPU
		{88F02D5F-F099-4560-ADBA-474ADE954AF8}.Release|Any CPU.ActiveCfg = Release|Any CPU
		{88F02D5F-F099-4560-ADBA-474ADE954AF8}.Release|Any CPU.Build.0 = Release|Any CPU
		{D60C08B7-A0EC-43A6-B270-0789B9857578}.Debug|Any CPU.ActiveCfg = Debug|Any CPU
		{D60C08B7-A0EC-43A6-B270-0789B9857578}.Debug|Any CPU.Build.0 = Debug|Any CPU
		{D60C08B7-A0EC-43A6-B270-0789B9857578}.Release|Any CPU.ActiveCfg = Release|Any CPU
		{D60C08B7-A0EC-43A6-B270-0789B9857578}.Release|Any CPU.Build.0 = Release|Any CPU
		{F2AAA6E0-9573-4326-BD9D-25188A9DD1A8}.Debug|Any CPU.ActiveCfg = Debug|Any CPU
		{F2AAA6E0-9573-4326-BD9D-25188A9DD1A8}.Debug|Any CPU.Build.0 = Debug|Any CPU
		{F2AAA6E0-9573-4326-BD9D-25188A9DD1A8}.Release|Any CPU.ActiveCfg = Release|Any CPU
		{F2AAA6E0-9573-4326-BD9D-25188A9DD1A8}.Release|Any CPU.Build.0 = Release|Any CPU
		{0B7586E9-9B14-4B8B-907B-070A9A318271}.Debug|Any CPU.ActiveCfg = Debug|Any CPU
		{0B7586E9-9B14-4B8B-907B-070A9A318271}.Debug|Any CPU.Build.0 = Debug|Any CPU
		{0B7586E9-9B14-4B8B-907B-070A9A318271}.Release|Any CPU.ActiveCfg = Release|Any CPU
		{0B7586E9-9B14-4B8B-907B-070A9A318271}.Release|Any CPU.Build.0 = Release|Any CPU
		{07C49C36-DB70-4818-905E-4D4045D62650}.Debug|Any CPU.ActiveCfg = Debug|Any CPU
		{07C49C36-DB70-4818-905E-4D4045D62650}.Debug|Any CPU.Build.0 = Debug|Any CPU
		{07C49C36-DB70-4818-905E-4D4045D62650}.Release|Any CPU.ActiveCfg = Release|Any CPU
		{07C49C36-DB70-4818-905E-4D4045D62650}.Release|Any CPU.Build.0 = Release|Any CPU
		{A243792C-CF9D-42BF-A92C-8DD983CCCC6B}.Debug|Any CPU.ActiveCfg = Debug|Any CPU
		{A243792C-CF9D-42BF-A92C-8DD983CCCC6B}.Debug|Any CPU.Build.0 = Debug|Any CPU
		{A243792C-CF9D-42BF-A92C-8DD983CCCC6B}.Release|Any CPU.ActiveCfg = Release|Any CPU
		{A243792C-CF9D-42BF-A92C-8DD983CCCC6B}.Release|Any CPU.Build.0 = Release|Any CPU
		{70523C6C-7A2E-45F5-9597-15174B0EA7C3}.Debug|Any CPU.ActiveCfg = Debug|Any CPU
		{70523C6C-7A2E-45F5-9597-15174B0EA7C3}.Debug|Any CPU.Build.0 = Debug|Any CPU
		{70523C6C-7A2E-45F5-9597-15174B0EA7C3}.Release|Any CPU.ActiveCfg = Release|Any CPU
		{70523C6C-7A2E-45F5-9597-15174B0EA7C3}.Release|Any CPU.Build.0 = Release|Any CPU
	EndGlobalSection
	GlobalSection(NestedProjects) = preSolution
		{0B7586E9-9B14-4B8B-907B-070A9A318271} = {53B3C0BE-F817-4964-982C-E30B98A4B927}
	EndGlobalSection
EndGlobal
